
Microsoft Visual Studio Solution File, Format Version 12.00
# Visual Studio 15
Project("{FAE04EC0-301F-11D3-BF4B-00C04F79EFBC}") = "dicofwords", "dicofwords.csproj", "{057CB9DF-F6E3-4B91-B28A-9D91AF4E6403}"
EndProject
Global
	GlobalSection(SolutionConfigurationPlatforms) = preSolution
		Debug|Any CPU = Debug|Any CPU
		Release|Any CPU = Release|Any CPU
	EndGlobalSection
	GlobalSection(ProjectConfigurationPlatforms) = postSolution
		{057CB9DF-F6E3-4B91-B28A-9D91AF4E6403}.Debug|Any CPU.ActiveCfg = Debug|Any CPU
		{057CB9DF-F6E3-4B91-B28A-9D91AF4E6403}.Debug|Any CPU.Build.0 = Debug|Any CPU
		{057CB9DF-F6E3-4B91-B28A-9D91AF4E6403}.Release|Any CPU.ActiveCfg = Release|Any CPU
		{057CB9DF-F6E3-4B91-B28A-9D91AF4E6403}.Release|Any CPU.Build.0 = Release|Any CPU
	EndGlobalSection
EndGlobal
